
Microsoft Visual Studio Solution File, Format Version 12.00
# Visual Studio Version 17
VisualStudioVersion = 17.3.32819.101
MinimumVisualStudioVersion = 10.0.40219.1
Project("{FAE04EC0-301F-11D3-BF4B-00C04F79EFBC}") = "BookHub", "BookHub\BookHub.csproj", "{EB732905-73E5-41F9-AA5E-B736B14D4319}"
EndProject
Global
	GlobalSection(SolutionConfigurationPlatforms) = preSolution
		Debug|Any CPU = Debug|Any CPU
		Release|Any CPU = Release|Any CPU
	EndGlobalSection
	GlobalSection(ProjectConfigurationPlatforms) = postSolution
		{EB732905-73E5-41F9-AA5E-B736B14D4319}.Debug|Any CPU.ActiveCfg = Debug|Any CPU
		{EB732905-73E5-41F9-AA5E-B736B14D4319}.Debug|Any CPU.Build.0 = Debug|Any CPU
		{EB732905-73E5-41F9-AA5E-B736B14D4319}.Release|Any CPU.ActiveCfg = Release|Any CPU
		{EB732905-73E5-41F9-AA5E-B736B14D4319}.Release|Any CPU.Build.0 = Release|Any CPU
	EndGlobalSection
	GlobalSection(SolutionProperties) = preSolution
		HideSolutionNode = FALSE
	EndGlobalSection
	GlobalSection(ExtensibilityGlobals) = postSolution
		SolutionGuid = {BCB5A4FD-B877-4E06-A987-BA782E426003}
	EndGlobalSection
EndGlobal
